// !$*UTF8*$!
{
	archiveVersion = 1;
	classes = {
	};
	objectVersion = 56;
	objects = {

/* Begin PBXBuildFile section */
		4ABD7C202D970167000BC542 /* A2_iOS_Mustafa_101203879App.swift in Sources */ = {isa = PBXBuildFile; fileRef = 4ABD7C1F2D970167000BC542 /* A2_iOS_Mustafa_101203879App.swift */; };
		4ABD7C222D970167000BC542 /* ContentView.swift in Sources */ = {isa = PBXBuildFile; fileRef = 4ABD7C212D970167000BC542 /* ContentView.swift */; };
		4ABD7C242D970168000BC542 /* Assets.xcassets in Resources */ = {isa = PBXBuildFile; fileRef = 4ABD7C232D970168000BC542 /* Assets.xcassets */; };
		4ABD7C272D970168000BC542 /* Preview Assets.xcassets in Resources */ = {isa = PBXBuildFile; fileRef = 4ABD7C262D970168000BC542 /* Preview Assets.xcassets */; };
		4ABD7C292D970168000BC542 /* Persistence.swift in Sources */ = {isa = PBXBuildFile; fileRef = 4ABD7C282D970168000BC542 /* Persistence.swift */; };
		4ABD7C2C2D970168000BC542 /* A2_iOS_Mustafa_101203879.xcdatamodeld in Sources */ = {isa = PBXBuildFile; fileRef = 4ABD7C2A2D970168000BC542 /* A2_iOS_Mustafa_101203879.xcdatamodeld */; };
		4ABD7C332D9702CA000BC542 /* ProductListView.swift in Sources */ = {isa = PBXBuildFile; fileRef = 4ABD7C322D9702CA000BC542 /* ProductListView.swift */; };
		4ABD7C352D9702E3000BC542 /* ProductDetailView.swift in Sources */ = {isa = PBXBuildFile; fileRef = 4ABD7C342D9702E3000BC542 /* ProductDetailView.swift */; };
		4ABD7C372D97030F000BC542 /* ProductSearchView.swift in Sources */ = {isa = PBXBuildFile; fileRef = 4ABD7C362D97030F000BC542 /* ProductSearchView.swift */; };
		4ABD7C392D970358000BC542 /* AddProductView.swift in Sources */ = {isa = PBXBuildFile; fileRef = 4ABD7C382D970358000BC542 /* AddProductView.swift */; };
		4ABD7C3B2D9703AF000BC542 /* ProductViewModel.swift in Sources */ = {isa = PBXBuildFile; fileRef = 4ABD7C3A2D9703AF000BC542 /* ProductViewModel.swift */; };
/* End PBXBuildFile section */

/* Begin PBXFileReference section */
		4ABD7C1C2D970167000BC542 /* A2_iOS_Mustafa_101203879.app */ = {isa = PBXFileReference; explicitFileType = wrapper.application; includeInIndex = 0; path = A2_iOS_Mustafa_101203879.app; sourceTree = BUILT_PRODUCTS_DIR; };
		4ABD7C1F2D970167000BC542 /* A2_iOS_Mustafa_101203879App.swift */ = {isa = PBXFileReference; lastKnownFileType = sourcecode.swift; path = A2_iOS_Mustafa_101203879App.swift; sourceTree = "<group>"; };
		4ABD7C212D970167000BC542 /* ContentView.swift */ = {isa = PBXFileReference; lastKnownFileType = sourcecode.swift; path = ContentView.swift; sourceTree = "<group>"; };
		4ABD7C232D970168000BC542 /* Assets.xcassets */ = {isa = PBXFileReference; lastKnownFileType = folder.assetcatalog; path = Assets.xcassets; sourceTree = "<group>"; };
		4ABD7C262D970168000BC542 /* Preview Assets.xcassets */ = {isa = PBXFileReference; lastKnownFileType = folder.assetcatalog; path = "Preview Assets.xcassets"; sourceTree = "<group>"; };
		4ABD7C282D970168000BC542 /* Persistence.swift */ = {isa = PBXFileReference; lastKnownFileType = sourcecode.swift; path = Persistence.swift; sourceTree = "<group>"; };
		4ABD7C2B2D970168000BC542 /* A2_iOS_Mustafa_101203879.xcdatamodel */ = {isa = PBXFileReference; lastKnownFileType = wrapper.xcdatamodel; path = A2_iOS_Mustafa_101203879.xcdatamodel; sourceTree = "<group>"; };
		4ABD7C322D9702CA000BC542 /* ProductListView.swift */ = {isa = PBXFileReference; lastKnownFileType = sourcecode.swift; path = ProductListView.swift; sourceTree = "<group>"; };
		4ABD7C342D9702E3000BC542 /* ProductDetailView.swift */ = {isa = PBXFileReference; lastKnownFileType = sourcecode.swift; path = ProductDetailView.swift; sourceTree = "<group>"; };
		4ABD7C362D97030F000BC542 /* ProductSearchView.swift */ = {isa = PBXFileReference; lastKnownFileType = sourcecode.swift; path = ProductSearchView.swift; sourceTree = "<group>"; };
		4ABD7C382D970358000BC542 /* AddProductView.swift */ = {isa = PBXFileReference; lastKnownFileType = sourcecode.swift; path = AddProductView.swift; sourceTree = "<group>"; };
		4ABD7C3A2D9703AF000BC542 /* ProductViewModel.swift */ = {isa = PBXFileReference; lastKnownFileType = sourcecode.swift; path = ProductViewModel.swift; sourceTree = "<group>"; };
/* End PBXFileReference section */

/* Begin PBXFrameworksBuildPhase section */
		4ABD7C192D970167000BC542 /* Frameworks */ = {
			isa = PBXFrameworksBuildPhase;
			buildActionMask = 2147483647;
			files = (
			);
			runOnlyForDeploymentPostprocessing = 0;
		};
/* End PBXFrameworksBuildPhase section */

/* Begin PBXGroup section */
		4ABD7C132D970167000BC542 = {
			isa = PBXGroup;
			children = (
				4ABD7C1E2D970167000BC542 /* A2_iOS_Mustafa_101203879 */,
				4ABD7C1D2D970167000BC542 /* Products */,
			);
			sourceTree = "<group>";
		};
		4ABD7C1D2D970167000BC542 /* Products */ = {
			isa = PBXGroup;
			children = (
				4ABD7C1C2D970167000BC542 /* A2_iOS_Mustafa_101203879.app */,
			);
			name = Products;
			sourceTree = "<group>";
		};
		4ABD7C1E2D970167000BC542 /* A2_iOS_Mustafa_101203879 */ = {
			isa = PBXGroup;
			children = (
				4ABD7C1F2D970167000BC542 /* A2_iOS_Mustafa_101203879App.swift */,
				4ABD7C212D970167000BC542 /* ContentView.swift */,
				4ABD7C232D970168000BC542 /* Assets.xcassets */,
				4ABD7C282D970168000BC542 /* Persistence.swift */,
				4ABD7C2A2D970168000BC542 /* A2_iOS_Mustafa_101203879.xcdatamodeld */,
				4ABD7C252D970168000BC542 /* Preview Content */,
				4ABD7C322D9702CA000BC542 /* ProductListView.swift */,
				4ABD7C342D9702E3000BC542 /* ProductDetailView.swift */,
				4ABD7C362D97030F000BC542 /* ProductSearchView.swift */,
				4ABD7C382D970358000BC542 /* AddProductView.swift */,
				4ABD7C3A2D9703AF000BC542 /* ProductViewModel.swift */,
			);
			path = A2_iOS_Mustafa_101203879;
			sourceTree = "<group>";
		};
		4ABD7C252D970168000BC542 /* Preview Content */ = {
			isa = PBXGroup;
			children = (
				4ABD7C262D970168000BC542 /* Preview Assets.xcassets */,
			);
			path = "Preview Content";
			sourceTree = "<group>";
		};
/* End PBXGroup section */

/* Begin PBXNativeTarget section */
		4ABD7C1B2D970167000BC542 /* A2_iOS_Mustafa_101203879 */ = {
			isa = PBXNativeTarget;
			buildConfigurationList = 4ABD7C2F2D970168000BC542 /* Build configuration list for PBXNativeTarget "A2_iOS_Mustafa_101203879" */;
			buildPhases = (
				4ABD7C182D970167000BC542 /* Sources */,
				4ABD7C192D970167000BC542 /* Frameworks */,
				4ABD7C1A2D970167000BC542 /* Resources */,
			);
			buildRules = (
			);
			dependencies = (
			);
			name = A2_iOS_Mustafa_101203879;
			productName = A2_iOS_Mustafa_101203879;
			productReference = 4ABD7C1C2D970167000BC542 /* A2_iOS_Mustafa_101203879.app */;
			productType = "com.apple.product-type.application";
		};
/* End PBXNativeTarget section */

/* Begin PBXProject section */
		4ABD7C142D970167000BC542 /* Project object */ = {
			isa = PBXProject;
			attributes = {
				BuildIndependentTargetsInParallel = 1;
				LastSwiftUpdateCheck = 1520;
				LastUpgradeCheck = 1520;
				TargetAttributes = {
					4ABD7C1B2D970167000BC542 = {
						CreatedOnToolsVersion = 15.2;
					};
				};
			};
			buildConfigurationList = 4ABD7C172D970167000BC542 /* Build configuration list for PBXProject "A2_iOS_Mustafa_101203879" */;
			compatibilityVersion = "Xcode 14.0";
			developmentRegion = en;
			hasScannedForEncodings = 0;
			knownRegions = (
				en,
				Base,
			);
			mainGroup = 4ABD7C132D970167000BC542;
			productRefGroup = 4ABD7C1D2D970167000BC542 /* Products */;
			projectDirPath = "";
			projectRoot = "";
			targets = (
				4ABD7C1B2D970167000BC542 /* A2_iOS_Mustafa_101203879 */,
			);
		};
/* End PBXProject section */

/* Begin PBXResourcesBuildPhase section */
		4ABD7C1A2D970167000BC542 /* Resources */ = {
			isa = PBXResourcesBuildPhase;
			buildActionMask = 2147483647;
			files = (
				4ABD7C272D970168000BC542 /* Preview Assets.xcassets in Resources */,
				4ABD7C242D970168000BC542 /* Assets.xcassets in Resources */,
			);
			runOnlyForDeploymentPostprocessing = 0;
		};
/* End PBXResourcesBuildPhase section */

/* Begin PBXSourcesBuildPhase section */
		4ABD7C182D970167000BC542 /* Sources */ = {
			isa = PBXSourcesBuildPhase;
			buildActionMask = 2147483647;
			files = (
				4ABD7C2C2D970168000BC542 /* A2_iOS_Mustafa_101203879.xcdatamodeld in Sources */,
				4ABD7C292D970168000BC542 /* Persistence.swift in Sources */,
				4ABD7C222D970167000BC542 /* ContentView.swift in Sources */,
				4ABD7C372D97030F000BC542 /* ProductSearchView.swift in Sources */,
				4ABD7C392D970358000BC542 /* AddProductView.swift in Sources */,
				4ABD7C3B2D9703AF000BC542 /* ProductViewModel.swift in Sources */,
				4ABD7C202D970167000BC542 /* A2_iOS_Mustafa_101203879App.swift in Sources */,
				4ABD7C332D9702CA000BC542 /* ProductListView.swift in Sources */,
				4ABD7C352D9702E3000BC542 /* ProductDetailView.swift in Sources */,
			);
			runOnlyForDeploymentPostprocessing = 0;
		};
/* End PBXSourcesBuildPhase section */

/* Begin XCBuildConfiguration section */
		4ABD7C2D2D970168000BC542 /* Debug */ = {
			isa = XCBuildConfiguration;
			buildSettings = {
				ALWAYS_SEARCH_USER_PATHS = NO;
				ASSETCATALOG_COMPILER_GENERATE_SWIFT_ASSET_SYMBOL_EXTENSIONS = YES;
				CLANG_ANALYZER_NONNULL = YES;
				CLANG_ANALYZER_NUMBER_OBJECT_CONVERSION = YES_AGGRESSIVE;
				CLANG_CXX_LANGUAGE_STANDARD = "gnu++20";
				CLANG_ENABLE_MODULES = YES;
				CLANG_ENABLE_OBJC_ARC = YES;
				CLANG_ENABLE_OBJC_WEAK = YES;
				CLANG_WARN_BLOCK_CAPTURE_AUTORELEASING = YES;
				CLANG_WARN_BOOL_CONVERSION = YES;
				CLANG_WARN_COMMA = YES;
				CLANG_WARN_CONSTANT_CONVERSION = YES;
				CLANG_WARN_DEPRECATED_OBJC_IMPLEMENTATIONS = YES;
				CLANG_WARN_DIRECT_OBJC_ISA_USAGE = YES_ERROR;
				CLANG_WARN_DOCUMENTATION_COMMENTS = YES;
				CLANG_WARN_EMPTY_BODY = YES;
				CLANG_WARN_ENUM_CONVERSION = YES;
				CLANG_WARN_INFINITE_RECURSION = YES;
				CLANG_WARN_INT_CONVERSION = YES;
				CLANG_WARN_NON_LITERAL_NULL_CONVERSION = YES;
				CLANG_WARN_OBJC_IMPLICIT_RETAIN_SELF = YES;
				CLANG_WARN_OBJC_LITERAL_CONVERSION = YES;
				CLANG_WARN_OBJC_ROOT_CLASS = YES_ERROR;
				CLANG_WARN_QUOTED_INCLUDE_IN_FRAMEWORK_HEADER = YES;
				CLANG_WARN_RANGE_LOOP_ANALYSIS = YES;
				CLANG_WARN_STRICT_PROTOTYPES = YES;
				CLANG_WARN_SUSPICIOUS_MOVE = YES;
				CLANG_WARN_UNGUARDED_AVAILABILITY = YES_AGGRESSIVE;
				CLANG_WARN_UNREACHABLE_CODE = YES;
				CLANG_WARN__DUPLICATE_METHOD_MATCH = YES;
				COPY_PHASE_STRIP = NO;
				DEBUG_INFORMATION_FORMAT = dwarf;
				ENABLE_STRICT_OBJC_MSGSEND = YES;
				ENABLE_TESTABILITY = YES;
				ENABLE_USER_SCRIPT_SANDBOXING = YES;
				GCC_C_LANGUAGE_STANDARD = gnu17;
				GCC_DYNAMIC_NO_PIC = NO;
				GCC_NO_COMMON_BLOCKS = YES;
				GCC_OPTIMIZATION_LEVEL = 0;
				GCC_PREPROCESSOR_DEFINITIONS = (
					"DEBUG=1",
					"$(inherited)",
				);
				GCC_WARN_64_TO_32_BIT_CONVERSION = YES;
				GCC_WARN_ABOUT_RETURN_TYPE = YES_ERROR;
				GCC_WARN_UNDECLARED_SELECTOR = YES;
				GCC_WARN_UNINITIALIZED_AUTOS = YES_AGGRESSIVE;
				GCC_WARN_UNUSED_FUNCTION = YES;
				GCC_WARN_UNUSED_VARIABLE = YES;
				IPHONEOS_DEPLOYMENT_TARGET = 17.2;
				LOCALIZATION_PREFERS_STRING_CATALOGS = YES;
				MTL_ENABLE_DEBUG_INFO = INCLUDE_SOURCE;
				MTL_FAST_MATH = YES;
				ONLY_ACTIVE_ARCH = YES;
				SDKROOT = iphoneos;
				SWIFT_ACTIVE_COMPILATION_CONDITIONS = "DEBUG $(inherited)";
				SWIFT_OPTIMIZATION_LEVEL = "-Onone";
			};
			name = Debug;
		};
		4ABD7C2E2D970168000BC542 /* Release */ = {
			isa = XCBuildConfiguration;
			buildSettings = {
				ALWAYS_SEARCH_USER_PATHS = NO;
				ASSETCATALOG_COMPILER_GENERATE_SWIFT_ASSET_SYMBOL_EXTENSIONS = YES;
				CLANG_ANALYZER_NONNULL = YES;
				CLANG_ANALYZER_NUMBER_OBJECT_CONVERSION = YES_AGGRESSIVE;
				CLANG_CXX_LANGUAGE_STANDARD = "gnu++20";
				CLANG_ENABLE_MODULES = YES;
				CLANG_ENABLE_OBJC_ARC = YES;
				CLANG_ENABLE_OBJC_WEAK = YES;
				CLANG_WARN_BLOCK_CAPTURE_AUTORELEASING = YES;
				CLANG_WARN_BOOL_CONVERSION = YES;
				CLANG_WARN_COMMA = YES;
				CLANG_WARN_CONSTANT_CONVERSION = YES;
				CLANG_WARN_DEPRECATED_OBJC_IMPLEMENTATIONS = YES;
				CLANG_WARN_DIRECT_OBJC_ISA_USAGE = YES_ERROR;
				CLANG_WARN_DOCUMENTATION_COMMENTS = YES;
				CLANG_WARN_EMPTY_BODY = YES;
				CLANG_WARN_ENUM_CONVERSION = YES;
				CLANG_WARN_INFINITE_RECURSION = YES;
				CLANG_WARN_INT_CONVERSION = YES;
				CLANG_WARN_NON_LITERAL_NULL_CONVERSION = YES;
				CLANG_WARN_OBJC_IMPLICIT_RETAIN_SELF = YES;
				CLANG_WARN_OBJC_LITERAL_CONVERSION = YES;
				CLANG_WARN_OBJC_ROOT_CLASS = YES_ERROR;
				CLANG_WARN_QUOTED_INCLUDE_IN_FRAMEWORK_HEADER = YES;
				CLANG_WARN_RANGE_LOOP_ANALYSIS = YES;
				CLANG_WARN_STRICT_PROTOTYPES = YES;
				CLANG_WARN_SUSPICIOUS_MOVE = YES;
				CLANG_WARN_UNGUARDED_AVAILABILITY = YES_AGGRESSIVE;
				CLANG_WARN_UNREACHABLE_CODE = YES;
				CLANG_WARN__DUPLICATE_METHOD_MATCH = YES;
				COPY_PHASE_STRIP = NO;
				DEBUG_INFORMATION_FORMAT = "dwarf-with-dsym";
				ENABLE_NS_ASSERTIONS = NO;
				ENABLE_STRICT_OBJC_MSGSEND = YES;
				ENABLE_USER_SCRIPT_SANDBOXING = YES;
				GCC_C_LANGUAGE_STANDARD = gnu17;
				GCC_NO_COMMON_BLOCKS = YES;
				GCC_WARN_64_TO_32_BIT_CONVERSION = YES;
				GCC_WARN_ABOUT_RETURN_TYPE = YES_ERROR;
				GCC_WARN_UNDECLARED_SELECTOR = YES;
				GCC_WARN_UNINITIALIZED_AUTOS = YES_AGGRESSIVE;
				GCC_WARN_UNUSED_FUNCTION = YES;
				GCC_WARN_UNUSED_VARIABLE = YES;
				IPHONEOS_DEPLOYMENT_TARGET = 17.2;
				LOCALIZATION_PREFERS_STRING_CATALOGS = YES;
				MTL_ENABLE_DEBUG_INFO = NO;
				MTL_FAST_MATH = YES;
				SDKROOT = iphoneos;
				SWIFT_COMPILATION_MODE = wholemodule;
				VALIDATE_PRODUCT = YES;
			};
			name = Release;
		};
		4ABD7C302D970168000BC542 /* Debug */ = {
			isa = XCBuildConfiguration;
			buildSettings = {
				ASSETCATALOG_COMPILER_APPICON_NAME = AppIcon;
				ASSETCATALOG_COMPILER_GLOBAL_ACCENT_COLOR_NAME = AccentColor;
				CODE_SIGN_STYLE = Automatic;
				CURRENT_PROJECT_VERSION = 1;
				DEVELOPMENT_ASSET_PATHS = "\"A2_iOS_Mustafa_101203879/Preview Content\"";
				ENABLE_PREVIEWS = YES;
				GENERATE_INFOPLIST_FILE = YES;
				INFOPLIST_KEY_UIApplicationSceneManifest_Generation = YES;
				INFOPLIST_KEY_UIApplicationSupportsIndirectInputEvents = YES;
				INFOPLIST_KEY_UILaunchScreen_Generation = YES;
				INFOPLIST_KEY_UISupportedInterfaceOrientations_iPad = "UIInterfaceOrientationPortrait UIInterfaceOrientationPortraitUpsideDown UIInterfaceOrientationLandscapeLeft UIInterfaceOrientationLandscapeRight";
				INFOPLIST_KEY_UISupportedInterfaceOrientations_iPhone = "UIInterfaceOrientationPortrait UIInterfaceOrientationLandscapeLeft UIInterfaceOrientationLandscapeRight";
				LD_RUNPATH_SEARCH_PATHS = (
					"$(inherited)",
					"@executable_path/Frameworks",
				);
				MARKETING_VERSION = 1.0;
				PRODUCT_BUNDLE_IDENTIFIER = "com.mustafa.A2-iOS-Mustafa-101203879";
				PRODUCT_NAME = "$(TARGET_NAME)";
				SWIFT_EMIT_LOC_STRINGS = YES;
				SWIFT_VERSION = 5.0;
				TARGETED_DEVICE_FAMILY = "1,2";
			};
			name = Debug;
		};
		4ABD7C312D970168000BC542 /* Release */ = {
			isa = XCBuildConfiguration;
			buildSettings = {
				ASSETCATALOG_COMPILER_APPICON_NAME = AppIcon;
				ASSETCATALOG_COMPILER_GLOBAL_ACCENT_COLOR_NAME = AccentColor;
				CODE_SIGN_STYLE = Automatic;
				CURRENT_PROJECT_VERSION = 1;
				DEVELOPMENT_ASSET_PATHS = "\"A2_iOS_Mustafa_101203879/Preview Content\"";
				ENABLE_PREVIEWS = YES;
				GENERATE_INFOPLIST_FILE = YES;
				INFOPLIST_KEY_UIApplicationSceneManifest_Generation = YES;
				INFOPLIST_KEY_UIApplicationSupportsIndirectInputEvents = YES;
				INFOPLIST_KEY_UILaunchScreen_Generation = YES;
				INFOPLIST_KEY_UISupportedInterfaceOrientations_iPad = "UIInterfaceOrientationPortrait UIInterfaceOrientationPortraitUpsideDown UIInterfaceOrientationLandscapeLeft UIInterfaceOrientationLandscapeRight";
				INFOPLIST_KEY_UISupportedInterfaceOrientations_iPhone = "UIInterfaceOrientationPortrait UIInterfaceOrientationLandscapeLeft UIInterfaceOrientationLandscapeRight";
				LD_RUNPATH_SEARCH_PATHS = (
					"$(inherited)",
					"@executable_path/Frameworks",
				);
				MARKETING_VERSION = 1.0;
				PRODUCT_BUNDLE_IDENTIFIER = "com.mustafa.A2-iOS-Mustafa-101203879";
				PRODUCT_NAME = "$(TARGET_NAME)";
				SWIFT_EMIT_LOC_STRINGS = YES;
				SWIFT_VERSION = 5.0;
				TARGETED_DEVICE_FAMILY = "1,2";
			};
			name = Release;
		};
/* End XCBuildConfiguration section */

/* Begin XCConfigurationList section */
		4ABD7C172D970167000BC542 /* Build configuration list for PBXProject "A2_iOS_Mustafa_101203879" */ = {
			isa = XCConfigurationList;
			buildConfigurations = (
				4ABD7C2D2D970168000BC542 /* Debug */,
				4ABD7C2E2D970168000BC542 /* Release */,
			);
			defaultConfigurationIsVisible = 0;
			defaultConfigurationName = Release;
		};
		4ABD7C2F2D970168000BC542 /* Build configuration list for PBXNativeTarget "A2_iOS_Mustafa_101203879" */ = {
			isa = XCConfigurationList;
			buildConfigurations = (
				4ABD7C302D970168000BC542 /* Debug */,
				4ABD7C312D970168000BC542 /* Release */,
			);
			defaultConfigurationIsVisible = 0;
			defaultConfigurationName = Release;
		};
/* End XCConfigurationList section */

/* Begin XCVersionGroup section */
		4ABD7C2A2D970168000BC542 /* A2_iOS_Mustafa_101203879.xcdatamodeld */ = {
			isa = XCVersionGroup;
			children = (
				4ABD7C2B2D970168000BC542 /* A2_iOS_Mustafa_101203879.xcdatamodel */,
			);
			currentVersion = 4ABD7C2B2D970168000BC542 /* A2_iOS_Mustafa_101203879.xcdatamodel */;
			path = A2_iOS_Mustafa_101203879.xcdatamodeld;
			sourceTree = "<group>";
			versionGroupType = wrapper.xcdatamodel;
		};
/* End XCVersionGroup section */
	};
	rootObject = 4ABD7C142D970167000BC542 /* Project object */;
}
